
Microsoft Visual Studio Solution File, Format Version 12.00
# Visual Studio Version 16
VisualStudioVersion = 16.0.31727.386
MinimumVisualStudioVersion = 10.0.40219.1
Project("{FAE04EC0-301F-11D3-BF4B-00C04F79EFBC}") = "BookClubPoints", "BookClubPoints.csproj", "{9688A627-5BD1-45B5-94A7-E35DF39C7BA8}"
EndProject
Global
	GlobalSection(SolutionConfigurationPlatforms) = preSolution
		Debug|Any CPU = Debug|Any CPU
		Release|Any CPU = Release|Any CPU
	EndGlobalSection
	GlobalSection(ProjectConfigurationPlatforms) = postSolution
		{9688A627-5BD1-45B5-94A7-E35DF39C7BA8}.Debug|Any CPU.ActiveCfg = Debug|Any CPU
		{9688A627-5BD1-45B5-94A7-E35DF39C7BA8}.Debug|Any CPU.Build.0 = Debug|Any CPU
		{9688A627-5BD1-45B5-94A7-E35DF39C7BA8}.Release|Any CPU.ActiveCfg = Release|Any CPU
		{9688A627-5BD1-45B5-94A7-E35DF39C7BA8}.Release|Any CPU.Build.0 = Release|Any CPU
	EndGlobalSection
	GlobalSection(SolutionProperties) = preSolution
		HideSolutionNode = FALSE
	EndGlobalSection
	GlobalSection(ExtensibilityGlobals) = postSolution
		SolutionGuid = {A3DFE907-787C-42B6-947D-0EB9E749714C}
	EndGlobalSection
EndGlobal
